
Microsoft Visual Studio Solution File, Format Version 12.00
# Visual Studio 15
Project("{FAE04EC0-301F-11D3-BF4B-00C04F79EFBC}") = "Sample_Personality_Test.Android", "Sample_Personality_Test.Android\Sample_Personality_Test.Android.csproj", "{E53E3703-B792-4D7D-BD1E-170AF2ED49BC}"
EndProject
Project("{FAE04EC0-301F-11D3-BF4B-00C04F79EFBC}") = "Sample_Personality_Test.iOS", "Sample_Personality_Test.iOS\Sample_Personality_Test.iOS.csproj", "{8AC9E012-2C0B-4CC6-B14F-19141B6D46C0}"
EndProject
Project("{FAE04EC0-301F-11D3-BF4B-00C04F79EFBC}") = "Sample_Personality_Test", "Sample_Personality_Test\Sample_Personality_Test.csproj", "{5E528F32-674D-426F-926B-718FE16403F0}"
EndProject
Global
	GlobalSection(SolutionConfigurationPlatforms) = preSolution
		Debug|Any CPU = Debug|Any CPU
		Release|Any CPU = Release|Any CPU
		Debug|iPhoneSimulator = Debug|iPhoneSimulator
		Release|iPhoneSimulator = Release|iPhoneSimulator
		Debug|iPhone = Debug|iPhone
		Release|iPhone = Release|iPhone
	EndGlobalSection
	GlobalSection(ProjectConfigurationPlatforms) = postSolution
		{E53E3703-B792-4D7D-BD1E-170AF2ED49BC}.Debug|Any CPU.ActiveCfg = Debug|Any CPU
		{E53E3703-B792-4D7D-BD1E-170AF2ED49BC}.Debug|Any CPU.Build.0 = Debug|Any CPU
		{E53E3703-B792-4D7D-BD1E-170AF2ED49BC}.Release|Any CPU.ActiveCfg = Release|Any CPU
		{E53E3703-B792-4D7D-BD1E-170AF2ED49BC}.Release|Any CPU.Build.0 = Release|Any CPU
		{E53E3703-B792-4D7D-BD1E-170AF2ED49BC}.Debug|iPhoneSimulator.ActiveCfg = Debug|Any CPU
		{E53E3703-B792-4D7D-BD1E-170AF2ED49BC}.Debug|iPhoneSimulator.Build.0 = Debug|Any CPU
		{E53E3703-B792-4D7D-BD1E-170AF2ED49BC}.Release|iPhoneSimulator.ActiveCfg = Release|Any CPU
		{E53E3703-B792-4D7D-BD1E-170AF2ED49BC}.Release|iPhoneSimulator.Build.0 = Release|Any CPU
		{E53E3703-B792-4D7D-BD1E-170AF2ED49BC}.Debug|iPhone.ActiveCfg = Debug|Any CPU
		{E53E3703-B792-4D7D-BD1E-170AF2ED49BC}.Debug|iPhone.Build.0 = Debug|Any CPU
		{E53E3703-B792-4D7D-BD1E-170AF2ED49BC}.Release|iPhone.ActiveCfg = Release|Any CPU
		{E53E3703-B792-4D7D-BD1E-170AF2ED49BC}.Release|iPhone.Build.0 = Release|Any CPU
		{8AC9E012-2C0B-4CC6-B14F-19141B6D46C0}.Debug|Any CPU.ActiveCfg = Debug|iPhoneSimulator
		{8AC9E012-2C0B-4CC6-B14F-19141B6D46C0}.Debug|Any CPU.Build.0 = Debug|iPhoneSimulator
		{8AC9E012-2C0B-4CC6-B14F-19141B6D46C0}.Release|Any CPU.ActiveCfg = Release|iPhoneSimulator
		{8AC9E012-2C0B-4CC6-B14F-19141B6D46C0}.Release|Any CPU.Build.0 = Release|iPhoneSimulator
		{8AC9E012-2C0B-4CC6-B14F-19141B6D46C0}.Debug|iPhoneSimulator.ActiveCfg = Debug|iPhoneSimulator
		{8AC9E012-2C0B-4CC6-B14F-19141B6D46C0}.Debug|iPhoneSimulator.Build.0 = Debug|iPhoneSimulator
		{8AC9E012-2C0B-4CC6-B14F-19141B6D46C0}.Release|iPhoneSimulator.ActiveCfg = Release|iPhoneSimulator
		{8AC9E012-2C0B-4CC6-B14F-19141B6D46C0}.Release|iPhoneSimulator.Build.0 = Release|iPhoneSimulator
		{8AC9E012-2C0B-4CC6-B14F-19141B6D46C0}.Debug|iPhone.ActiveCfg = Debug|iPhone
		{8AC9E012-2C0B-4CC6-B14F-19141B6D46C0}.Debug|iPhone.Build.0 = Debug|iPhone
		{8AC9E012-2C0B-4CC6-B14F-19141B6D46C0}.Release|iPhone.ActiveCfg = Release|iPhone
		{8AC9E012-2C0B-4CC6-B14F-19141B6D46C0}.Release|iPhone.Build.0 = Release|iPhone
		{5E528F32-674D-426F-926B-718FE16403F0}.Debug|Any CPU.ActiveCfg = Debug|Any CPU
		{5E528F32-674D-426F-926B-718FE16403F0}.Debug|Any CPU.Build.0 = Debug|Any CPU
		{5E528F32-674D-426F-926B-718FE16403F0}.Release|Any CPU.ActiveCfg = Release|Any CPU
		{5E528F32-674D-426F-926B-718FE16403F0}.Release|Any CPU.Build.0 = Release|Any CPU
		{5E528F32-674D-426F-926B-718FE16403F0}.Debug|iPhoneSimulator.ActiveCfg = Debug|Any CPU
		{5E528F32-674D-426F-926B-718FE16403F0}.Debug|iPhoneSimulator.Build.0 = Debug|Any CPU
		{5E528F32-674D-426F-926B-718FE16403F0}.Release|iPhoneSimulator.ActiveCfg = Release|Any CPU
		{5E528F32-674D-426F-926B-718FE16403F0}.Release|iPhoneSimulator.Build.0 = Release|Any CPU
		{5E528F32-674D-426F-926B-718FE16403F0}.Debug|iPhone.ActiveCfg = Debug|Any CPU
		{5E528F32-674D-426F-926B-718FE16403F0}.Debug|iPhone.Build.0 = Debug|Any CPU
		{5E528F32-674D-426F-926B-718FE16403F0}.Release|iPhone.ActiveCfg = Release|Any CPU
		{5E528F32-674D-426F-926B-718FE16403F0}.Release|iPhone.Build.0 = Release|Any CPU
	EndGlobalSection
EndGlobal
